
Microsoft Visual Studio Solution File, Format Version 12.00
# Visual Studio 15
VisualStudioVersion = 15.0.28307.438
MinimumVisualStudioVersion = 10.0.40219.1
Project("{9A19103F-16F7-4668-BE54-9A1E7A4F7556}") = "WebAPI", "WebAPI\WebAPI.csproj", "{A353ADCD-ED63-4EE9-BBE1-3549E8969161}"
EndProject
Project("{FAE04EC0-301F-11D3-BF4B-00C04F79EFBC}") = "Platform", "Platform\Platform.csproj", "{6D22C352-1107-45FA-8885-296B38865241}"
EndProject
Global
	GlobalSection(SolutionConfigurationPlatforms) = preSolution
		Debug|Any CPU = Debug|Any CPU
		Release|Any CPU = Release|Any CPU
	EndGlobalSection
	GlobalSection(ProjectConfigurationPlatforms) = postSolution
		{A353ADCD-ED63-4EE9-BBE1-3549E8969161}.Debug|Any CPU.ActiveCfg = Debug|Any CPU
		{A353ADCD-ED63-4EE9-BBE1-3549E8969161}.Debug|Any CPU.Build.0 = Debug|Any CPU
		{A353ADCD-ED63-4EE9-BBE1-3549E8969161}.Release|Any CPU.ActiveCfg = Release|Any CPU
		{A353ADCD-ED63-4EE9-BBE1-3549E8969161}.Release|Any CPU.Build.0 = Release|Any CPU
		{6D22C352-1107-45FA-8885-296B38865241}.Debug|Any CPU.ActiveCfg = Debug|Any CPU
		{6D22C352-1107-45FA-8885-296B38865241}.Debug|Any CPU.Build.0 = Debug|Any CPU
		{6D22C352-1107-45FA-8885-296B38865241}.Release|Any CPU.ActiveCfg = Release|Any CPU
		{6D22C352-1107-45FA-8885-296B38865241}.Release|Any CPU.Build.0 = Release|Any CPU
	EndGlobalSection
	GlobalSection(SolutionProperties) = preSolution
		HideSolutionNode = FALSE
	EndGlobalSection
	GlobalSection(ExtensibilityGlobals) = postSolution
		SolutionGuid = {D4555A43-BE2E-480F-8816-6FC5FAE2417A}
	EndGlobalSection
EndGlobal
